github.com/gorilla/websocket v1.4.2 h1:+/TMaTYc4QFitKJxsQ7Yye35DkWvkdLcvGKqM+x0Ufc=
github.com/gorilla/websocket v1.4.2/go.mod h1:YR8l580nyteQvAITg2hZ9XVh4b55+EU/adAjf1fMHhE=
github.com/klauspost/cpuid/v2 v2.0.5 h1:qnfhwbFriwDIX51QncuNU5mEMf+6KE3t7O8V2KQl3Dg=
github.com/klauspost/cpuid/v2 v2.0.5/go.mod h1:FInQzS24/EEf25PyTYn52gqo7WaD8xa0213Md/qVLRg=
github.com/segmentio/encoding v0.2.19 h1:Kshkmoz080qvUtdtakR8Bjk2sIlLS8wSvijFMEHRGow=
github.com/segmentio/encoding v0.2.19/go.mod h1:7E68jTSWMnNoYhHi1JbLd7NBSB6XfE4vzqhR88hDBQc=
